<?xml version="1.0" encoding="utf-8"?>
<Project ToolsVersion="4.0" xmlns="http://schemas.microsoft.com/developer/msbuild/2003">
  <ItemGroup>
    <Filter Include="Source Files">
      <UniqueIdentifier>{4FC737F1-C7A5-4376-A066-2A32D752A2FF}</UniqueIdentifier>
      <Extensions>cpp;c;cc;cxx;c++;cppm;ixx;def;odl;idl;hpj;bat;asm;asmx</Extensions>
    </Filter>
    <Filter Include="Header Files">
      <UniqueIdentifier>{93995380-89BD-4b04-88EB-625FBE52EBFB}</UniqueIdentifier>
      <Extensions>h;hh;hpp;hxx;h++;hm;inl;inc;ipp;xsd</Extensions>
    </Filter>
    <Filter Include="Resource Files">
      <UniqueIdentifier>{67DA6AB6-F800-4c08-8B7A-83BB121AAD01}</UniqueIdentifier>
      <Extensions>rc;ico;cur;bmp;dlg;rc2;rct;bin;rgs;gif;jpg;jpeg;jpe;resx;tiff;tif;png;wav;mfcribbon-ms</Extensions>
    </Filter>
    <Filter Include="ImGui">
      <UniqueIdentifier>{1264d271-3d34-4fff-b833-d290bdeb19da}</UniqueIdentifier>
    </Filter>
    <Filter Include="GUI">
      <UniqueIdentifier>{29c2015e-750b-430e-957f-4968791a05a2}</UniqueIdentifier>
    </Filter>
  </ItemGroup>
  <ItemGroup>
    <ClCompile Include="sources\Application.cpp">
      <Filter>Source Files</Filter>
    </ClCompile>
    <ClCompile Include="sources\main.cpp">
      <Filter>Source Files</Filter>
    </ClCompile>
    <ClCompile Include="include\imgui\imgui.cpp">
      <Filter>ImGui</Filter>
    </ClCompile>
    <ClCompile Include="include\imgui\imgui_draw.cpp">
      <Filter>ImGui</Filter>
    </ClCompile>
    <ClCompile Include="include\imgui\imgui_tables.cpp">
      <Filter>ImGui</Filter>
    </ClCompile>
    <ClCompile Include="include\imgui\imgui_widgets.cpp">
      <Filter>ImGui</Filter>
    </ClCompile>
    <ClCompile Include="include\imgui\backends\imgui_impl_glfw.cpp">
      <Filter>ImGui</Filter>
    </ClCompile>
    <ClCompile Include="include\imgui\backends\imgui_impl_opengl3.cpp">
      <Filter>ImGui</Filter>
    </ClCompile>
    <ClCompile Include="include\imgui\backends\imgui_impl_win32.cpp">
      <Filter>ImGui</Filter>
    </ClCompile>
    <ClCompile Include="sources\Style.cpp">
      <Filter>Source Files</Filter>
    </ClCompile>
    <ClCompile Include="sources\MainWindow.cpp">
      <Filter>Source Files</Filter>
    </ClCompile>
    <ClCompile Include="sources\DockWidget.cpp">
      <Filter>Source Files</Filter>
    </ClCompile>
    <ClCompile Include="sources\GUIObject.cpp">
      <Filter>Source Files</Filter>
    </ClCompile>
    <ClCompile Include="sources\Window.cpp">
      <Filter>Source Files</Filter>
    </ClCompile>
    <ClCompile Include="sources\GUI\SceneView.cpp">
      <Filter>GUI</Filter>
    </ClCompile>
    <ClCompile Include="sources\GUI\ImageView.cpp">
      <Filter>GUI</Filter>
    </ClCompile>
    <ClCompile Include="sources\GUI\StyleView.cpp">
      <Filter>GUI</Filter>
    </ClCompile>
    <ClCompile Include="sources\stb.cpp">
      <Filter>ImGui</Filter>
    </ClCompile>
    <ClCompile Include="sources\glad.c">
      <Filter>ImGui</Filter>
    </ClCompile>
    <ClCompile Include="sources\EBO.cpp">
      <Filter>Source Files</Filter>
    </ClCompile>
    <ClCompile Include="sources\VAO.cpp">
      <Filter>Source Files</Filter>
    </ClCompile>
    <ClCompile Include="sources\VBO.cpp">
      <Filter>Source Files</Filter>
    </ClCompile>
    <ClCompile Include="sources\Texture.cpp">
      <Filter>Source Files</Filter>
    </ClCompile>
    <ClCompile Include="sources\shaderClass.cpp">
      <Filter>Source Files</Filter>
    </ClCompile>
    <ClCompile Include="sources\GUI\TextView.cpp">
      <Filter>GUI</Filter>
    </ClCompile>
    <ClCompile Include="sources\Curves.cpp">
      <Filter>Source Files</Filter>
    </ClCompile>
    <ClCompile Include="sources\GUI\FontView.cpp">
      <Filter>GUI</Filter>
    </ClCompile>
  </ItemGroup>
  <ItemGroup>
    <ClInclude Include="headers\Application.h">
      <Filter>Header Files</Filter>
    </ClInclude>
    <ClInclude Include="headers\Style.h">
      <Filter>Header Files</Filter>
    </ClInclude>
    <ClInclude Include="headers\MainWindow.h">
      <Filter>Header Files</Filter>
    </ClInclude>
    <ClInclude Include="headers\DockWidget.h">
      <Filter>Header Files</Filter>
    </ClInclude>
    <ClInclude Include="headers\GUIObject.h">
      <Filter>Header Files</Filter>
    </ClInclude>
    <ClInclude Include="headers\Window.h">
      <Filter>Header Files</Filter>
    </ClInclude>
    <ClInclude Include="sources\GUI\SceneView.h">
      <Filter>GUI</Filter>
    </ClInclude>
    <ClInclude Include="sources\GUI\ImageView.h">
      <Filter>GUI</Filter>
    </ClInclude>
    <ClInclude Include="sources\GUI\StyleView.h">
      <Filter>GUI</Filter>
    </ClInclude>
    <ClInclude Include="resource.h">
      <Filter>Header Files</Filter>
    </ClInclude>
    <ClInclude Include="include\KHR\khrplatform.h">
      <Filter>ImGui</Filter>
    </ClInclude>
    <ClInclude Include="headers\EBO.h">
      <Filter>Header Files</Filter>
    </ClInclude>
    <ClInclude Include="headers\VAO.h">
      <Filter>Header Files</Filter>
    </ClInclude>
    <ClInclude Include="headers\VBO.h">
      <Filter>Header Files</Filter>
    </ClInclude>
    <ClInclude Include="headers\Texture.h">
      <Filter>Header Files</Filter>
    </ClInclude>
    <ClInclude Include="headers\shaderClass.h">
      <Filter>Header Files</Filter>
    </ClInclude>
    <ClInclude Include="sources\GUI\TextView.h">
      <Filter>GUI</Filter>
    </ClInclude>
    <ClInclude Include="headers\Curves.h">
      <Filter>Header Files</Filter>
    </ClInclude>
    <ClInclude Include="sources\GUI\FontView.h">
      <Filter>GUI</Filter>
    </ClInclude>
    <ClInclude Include="sources\GUI\File Browser\ImFileBrowser.h">
      <Filter>Header Files</Filter>
    </ClInclude>
    <ClInclude Include="include\utfcpp\utf8.h">
      <Filter>Header Files</Filter>
    </ClInclude>
  </ItemGroup>
  <ItemGroup>
    <ResourceCompile Include="bio-text.rc">
      <Filter>Resource Files</Filter>
    </ResourceCompile>
  </ItemGroup>
</Project>